
Microsoft Visual Studio Solution File, Format Version 12.00
# Visual Studio 15
VisualStudioVersion = 15.0.28307.705
MinimumVisualStudioVersion = 10.0.40219.1
Project("{FAE04EC0-301F-11D3-BF4B-00C04F79EFBC}") = "GroupByLambda", "GroupByLambda\GroupByLambda.csproj", "{C8504A0C-37C1-4277-9F0C-7A7AF0EE9A14}"
EndProject
Global
	GlobalSection(SolutionConfigurationPlatforms) = preSolution
		Debug|Any CPU = Debug|Any CPU
		Release|Any CPU = Release|Any CPU
	EndGlobalSection
	GlobalSection(ProjectConfigurationPlatforms) = postSolution
		{C8504A0C-37C1-4277-9F0C-7A7AF0EE9A14}.Debug|Any CPU.ActiveCfg = Debug|Any CPU
		{C8504A0C-37C1-4277-9F0C-7A7AF0EE9A14}.Debug|Any CPU.Build.0 = Debug|Any CPU
		{C8504A0C-37C1-4277-9F0C-7A7AF0EE9A14}.Release|Any CPU.ActiveCfg = Release|Any CPU
		{C8504A0C-37C1-4277-9F0C-7A7AF0EE9A14}.Release|Any CPU.Build.0 = Release|Any CPU
	EndGlobalSection
	GlobalSection(SolutionProperties) = preSolution
		HideSolutionNode = FALSE
	EndGlobalSection
	GlobalSection(ExtensibilityGlobals) = postSolution
		SolutionGuid = {2CCB0C56-1A9F-43AE-AE8A-DACDEAFC1953}
	EndGlobalSection
EndGlobal
